// !$*UTF8*$!
{
	archiveVersion = 1;
	classes = {
	};
	objectVersion = 50;
	objects = {

/* Begin PBXBuildFile section */
		6FF76C9423E61256009E1EE3 /* AppDelegate.swift in Sources */ = {isa = PBXBuildFile; fileRef = 6FF76C9323E61256009E1EE3 /* AppDelegate.swift */; };
		6FF76C9623E61256009E1EE3 /* SceneDelegate.swift in Sources */ = {isa = PBXBuildFile; fileRef = 6FF76C9523E61256009E1EE3 /* SceneDelegate.swift */; };
		6FF76C9823E61256009E1EE3 /* ContentView.swift in Sources */ = {isa = PBXBuildFile; fileRef = 6FF76C9723E61256009E1EE3 /* ContentView.swift */; };
		6FF76C9A23E61258009E1EE3 /* Assets.xcassets in Resources */ = {isa = PBXBuildFile; fileRef = 6FF76C9923E61258009E1EE3 /* Assets.xcassets */; };
		6FF76C9D23E61258009E1EE3 /* Preview Assets.xcassets in Resources */ = {isa = PBXBuildFile; fileRef = 6FF76C9C23E61258009E1EE3 /* Preview Assets.xcassets */; };
		6FF76CA023E61258009E1EE3 /* LaunchScreen.storyboard in Resources */ = {isa = PBXBuildFile; fileRef = 6FF76C9E23E61258009E1EE3 /* LaunchScreen.storyboard */; };
		6FF76CA823E612EA009E1EE3 /* Home.swift in Sources */ = {isa = PBXBuildFile; fileRef = 6FF76CA723E612EA009E1EE3 /* Home.swift */; };
/* End PBXBuildFile section */

/* Begin PBXFileReference section */
		6FF76C9023E61256009E1EE3 /* UnSplashApp.app */ = {isa = PBXFileReference; explicitFileType = wrapper.application; includeInIndex = 0; path = UnSplashApp.app; sourceTree = BUILT_PRODUCTS_DIR; };
		6FF76C9323E61256009E1EE3 /* AppDelegate.swift */ = {isa = PBXFileReference; lastKnownFileType = sourcecode.swift; path = AppDelegate.swift; sourceTree = "<group>"; };
		6FF76C9523E61256009E1EE3 /* SceneDelegate.swift */ = {isa = PBXFileReference; lastKnownFileType = sourcecode.swift; path = SceneDelegate.swift; sourceTree = "<group>"; };
		6FF76C9723E61256009E1EE3 /* ContentView.swift */ = {isa = PBXFileReference; lastKnownFileType = sourcecode.swift; path = ContentView.swift; sourceTree = "<group>"; };
		6FF76C9923E61258009E1EE3 /* Assets.xcassets */ = {isa = PBXFileReference; lastKnownFileType = folder.assetcatalog; path = Assets.xcassets; sourceTree = "<group>"; };
		6FF76C9C23E61258009E1EE3 /* Preview Assets.xcassets */ = {isa = PBXFileReference; lastKnownFileType = folder.assetcatalog; path = "Preview Assets.xcassets"; sourceTree = "<group>"; };
		6FF76C9F23E61258009E1EE3 /* Base */ = {isa = PBXFileReference; lastKnownFileType = file.storyboard; name = Base; path = Base.lproj/LaunchScreen.storyboard; sourceTree = "<group>"; };
		6FF76CA123E61258009E1EE3 /* Info.plist */ = {isa = PBXFileReference; lastKnownFileType = text.plist.xml; path = Info.plist; sourceTree = "<group>"; };
		6FF76CA723E612EA009E1EE3 /* Home.swift */ = {isa = PBXFileReference; lastKnownFileType = sourcecode.swift; path = Home.swift; sourceTree = "<group>"; };
/* End PBXFileReference section */

/* Begin PBXFrameworksBuildPhase section */
		6FF76C8D23E61256009E1EE3 /* Frameworks */ = {
			isa = PBXFrameworksBuildPhase;
			buildActionMask = 2147483647;
			files = (
			);
			runOnlyForDeploymentPostprocessing = 0;
		};
/* End PBXFrameworksBuildPhase section */

/* Begin PBXGroup section */
		6FF76C8723E61256009E1EE3 = {
			isa = PBXGroup;
			children = (
				6FF76C9223E61256009E1EE3 /* UnSplashApp */,
				6FF76C9123E61256009E1EE3 /* Products */,
			);
			sourceTree = "<group>";
		};
		6FF76C9123E61256009E1EE3 /* Products */ = {
			isa = PBXGroup;
			children = (
				6FF76C9023E61256009E1EE3 /* UnSplashApp.app */,
			);
			name = Products;
			sourceTree = "<group>";
		};
		6FF76C9223E61256009E1EE3 /* UnSplashApp */ = {
			isa = PBXGroup;
			children = (
				6FF76C9323E61256009E1EE3 /* AppDelegate.swift */,
				6FF76C9523E61256009E1EE3 /* SceneDelegate.swift */,
				6FF76C9723E61256009E1EE3 /* ContentView.swift */,
				6FF76CA723E612EA009E1EE3 /* Home.swift */,
				6FF76C9923E61258009E1EE3 /* Assets.xcassets */,
				6FF76C9E23E61258009E1EE3 /* LaunchScreen.storyboard */,
				6FF76CA123E61258009E1EE3 /* Info.plist */,
				6FF76C9B23E61258009E1EE3 /* Preview Content */,
			);
			path = UnSplashApp;
			sourceTree = "<group>";
		};
		6FF76C9B23E61258009E1EE3 /* Preview Content */ = {
			isa = PBXGroup;
			children = (
				6FF76C9C23E61258009E1EE3 /* Preview Assets.xcassets */,
			);
			path = "Preview Content";
			sourceTree = "<group>";
		};
/* End PBXGroup section */

/* Begin PBXNativeTarget section */
		6FF76C8F23E61256009E1EE3 /* UnSplashApp */ = {
			isa = PBXNativeTarget;
			buildConfigurationList = 6FF76CA423E61258009E1EE3 /* Build configuration list for PBXNativeTarget "UnSplashApp" */;
			buildPhases = (
				6FF76C8C23E61256009E1EE3 /* Sources */,
				6FF76C8D23E61256009E1EE3 /* Frameworks */,
				6FF76C8E23E61256009E1EE3 /* Resources */,
			);
			buildRules = (
			);
			dependencies = (
			);
			name = UnSplashApp;
			productName = UnSplashApp;
			productReference = 6FF76C9023E61256009E1EE3 /* UnSplashApp.app */;
			productType = "com.apple.product-type.application";
		};
/* End PBXNativeTarget section */

/* Begin PBXProject section */
		6FF76C8823E61256009E1EE3 /* Project object */ = {
			isa = PBXProject;
			attributes = {
				LastSwiftUpdateCheck = 1120;
				LastUpgradeCheck = 1120;
				ORGANIZATIONNAME = "Alexander Römer";
				TargetAttributes = {
					6FF76C8F23E61256009E1EE3 = {
						CreatedOnToolsVersion = 11.2.1;
					};
				};
			};
			buildConfigurationList = 6FF76C8B23E61256009E1EE3 /* Build configuration list for PBXProject "UnSplashApp" */;
			compatibilityVersion = "Xcode 9.3";
			developmentRegion = en;
			hasScannedForEncodings = 0;
			knownRegions = (
				en,
				Base,
			);
			mainGroup = 6FF76C8723E61256009E1EE3;
			productRefGroup = 6FF76C9123E61256009E1EE3 /* Products */;
			projectDirPath = "";
			projectRoot = "";
			targets = (
				6FF76C8F23E61256009E1EE3 /* UnSplashApp */,
			);
		};
/* End PBXProject section */

/* Begin PBXResourcesBuildPhase section */
		6FF76C8E23E61256009E1EE3 /* Resources */ = {
			isa = PBXResourcesBuildPhase;
			buildActionMask = 2147483647;
			files = (
				6FF76CA023E61258009E1EE3 /* LaunchScreen.storyboard in Resources */,
				6FF76C9D23E61258009E1EE3 /* Preview Assets.xcassets in Resources */,
				6FF76C9A23E61258009E1EE3 /* Assets.xcassets in Resources */,
			);
			runOnlyForDeploymentPostprocessing = 0;
		};
/* End PBXResourcesBuildPhase section */

/* Begin PBXSourcesBuildPhase section */
		6FF76C8C23E61256009E1EE3 /* Sources */ = {
			isa = PBXSourcesBuildPhase;
			buildActionMask = 2147483647;
			files = (
				6FF76C9423E61256009E1EE3 /* AppDelegate.swift in Sources */,
				6FF76C9623E61256009E1EE3 /* SceneDelegate.swift in Sources */,
				6FF76CA823E612EA009E1EE3 /* Home.swift in Sources */,
				6FF76C9823E61256009E1EE3 /* ContentView.swift in Sources */,
			);
			runOnlyForDeploymentPostprocessing = 0;
		};
/* End PBXSourcesBuildPhase section */

/* Begin PBXVariantGroup section */
		6FF76C9E23E61258009E1EE3 /* LaunchScreen.storyboard */ = {
			isa = PBXVariantGroup;
			children = (
				6FF76C9F23E61258009E1EE3 /* Base */,
			);
			name = LaunchScreen.storyboard;
			sourceTree = "<group>";
		};
/* End PBXVariantGroup section */

/* Begin XCBuildConfiguration section */
		6FF76CA223E61258009E1EE3 /* Debug */ = {
			isa = XCBuildConfiguration;
			buildSettings = {
				ALWAYS_SEARCH_USER_PATHS = NO;
				CLANG_ANALYZER_NONNULL = YES;
				CLANG_ANALYZER_NUMBER_OBJECT_CONVERSION = YES_AGGRESSIVE;
				CLANG_CXX_LANGUAGE_STANDARD = "gnu++14";
				CLANG_CXX_LIBRARY = "libc++";
				CLANG_ENABLE_MODULES = YES;
				CLANG_ENABLE_OBJC_ARC = YES;
				CLANG_ENABLE_OBJC_WEAK = YES;
				CLANG_WARN_BLOCK_CAPTURE_AUTORELEASING = YES;
				CLANG_WARN_BOOL_CONVERSION = YES;
				CLANG_WARN_COMMA = YES;
				CLANG_WARN_CONSTANT_CONVERSION = YES;
				CLANG_WARN_DEPRECATED_OBJC_IMPLEMENTATIONS = YES;
				CLANG_WARN_DIRECT_OBJC_ISA_USAGE = YES_ERROR;
				CLANG_WARN_DOCUMENTATION_COMMENTS = YES;
				CLANG_WARN_EMPTY_BODY = YES;
				CLANG_WARN_ENUM_CONVERSION = YES;
				CLANG_WARN_INFINITE_RECURSION = YES;
				CLANG_WARN_INT_CONVERSION = YES;
				CLANG_WARN_NON_LITERAL_NULL_CONVERSION = YES;
				CLANG_WARN_OBJC_IMPLICIT_RETAIN_SELF = YES;
				CLANG_WARN_OBJC_LITERAL_CONVERSION = YES;
				CLANG_WARN_OBJC_ROOT_CLASS = YES_ERROR;
				CLANG_WARN_RANGE_LOOP_ANALYSIS = YES;
				CLANG_WARN_STRICT_PROTOTYPES = YES;
				CLANG_WARN_SUSPICIOUS_MOVE = YES;
				CLANG_WARN_UNGUARDED_AVAILABILITY = YES_AGGRESSIVE;
				CLANG_WARN_UNREACHABLE_CODE = YES;
				CLANG_WARN__DUPLICATE_METHOD_MATCH = YES;
				COPY_PHASE_STRIP = NO;
				DEBUG_INFORMATION_FORMAT = dwarf;
				ENABLE_STRICT_OBJC_MSGSEND = YES;
				ENABLE_TESTABILITY = YES;
				GCC_C_LANGUAGE_STANDARD = gnu11;
				GCC_DYNAMIC_NO_PIC = NO;
				GCC_NO_COMMON_BLOCKS = YES;
				GCC_OPTIMIZATION_LEVEL = 0;
				GCC_PREPROCESSOR_DEFINITIONS = (
					"DEBUG=1",
					"$(inherited)",
				);
				GCC_WARN_64_TO_32_BIT_CONVERSION = YES;
				GCC_WARN_ABOUT_RETURN_TYPE = YES_ERROR;
				GCC_WARN_UNDECLARED_SELECTOR = YES;
				GCC_WARN_UNINITIALIZED_AUTOS = YES_AGGRESSIVE;
				GCC_WARN_UNUSED_FUNCTION = YES;
				GCC_WARN_UNUSED_VARIABLE = YES;
				IPHONEOS_DEPLOYMENT_TARGET = 13.2;
				MTL_ENABLE_DEBUG_INFO = INCLUDE_SOURCE;
				MTL_FAST_MATH = YES;
				ONLY_ACTIVE_ARCH = YES;
				SDKROOT = iphoneos;
				SWIFT_ACTIVE_COMPILATION_CONDITIONS = DEBUG;
				SWIFT_OPTIMIZATION_LEVEL = "-Onone";
			};
			name = Debug;
		};
		6FF76CA323E61258009E1EE3 /* Release */ = {
			isa = XCBuildConfiguration;
			buildSettings = {
				ALWAYS_SEARCH_USER_PATHS = NO;
				CLANG_ANALYZER_NONNULL = YES;
				CLANG_ANALYZER_NUMBER_OBJECT_CONVERSION = YES_AGGRESSIVE;
				CLANG_CXX_LANGUAGE_STANDARD = "gnu++14";
				CLANG_CXX_LIBRARY = "libc++";
				CLANG_ENABLE_MODULES = YES;
				CLANG_ENABLE_OBJC_ARC = YES;
				CLANG_ENABLE_OBJC_WEAK = YES;
				CLANG_WARN_BLOCK_CAPTURE_AUTORELEASING = YES;
				CLANG_WARN_BOOL_CONVERSION = YES;
				CLANG_WARN_COMMA = YES;
				CLANG_WARN_CONSTANT_CONVERSION = YES;
				CLANG_WARN_DEPRECATED_OBJC_IMPLEMENTATIONS = YES;
				CLANG_WARN_DIRECT_OBJC_ISA_USAGE = YES_ERROR;
				CLANG_WARN_DOCUMENTATION_COMMENTS = YES;
				CLANG_WARN_EMPTY_BODY = YES;
				CLANG_WARN_ENUM_CONVERSION = YES;
				CLANG_WARN_INFINITE_RECURSION = YES;
				CLANG_WARN_INT_CONVERSION = YES;
				CLANG_WARN_NON_LITERAL_NULL_CONVERSION = YES;
				CLANG_WARN_OBJC_IMPLICIT_RETAIN_SELF = YES;
				CLANG_WARN_OBJC_LITERAL_CONVERSION = YES;
				CLANG_WARN_OBJC_ROOT_CLASS = YES_ERROR;
				CLANG_WARN_RANGE_LOOP_ANALYSIS = YES;
				CLANG_WARN_STRICT_PROTOTYPES = YES;
				CLANG_WARN_SUSPICIOUS_MOVE = YES;
				CLANG_WARN_UNGUARDED_AVAILABILITY = YES_AGGRESSIVE;
				CLANG_WARN_UNREACHABLE_CODE = YES;
				CLANG_WARN__DUPLICATE_METHOD_MATCH = YES;
				COPY_PHASE_STRIP = NO;
				DEBUG_INFORMATION_FORMAT = "dwarf-with-dsym";
				ENABLE_NS_ASSERTIONS = NO;
				ENABLE_STRICT_OBJC_MSGSEND = YES;
				GCC_C_LANGUAGE_STANDARD = gnu11;
				GCC_NO_COMMON_BLOCKS = YES;
				GCC_WARN_64_TO_32_BIT_CONVERSION = YES;
				GCC_WARN_ABOUT_RETURN_TYPE = YES_ERROR;
				GCC_WARN_UNDECLARED_SELECTOR = YES;
				GCC_WARN_UNINITIALIZED_AUTOS = YES_AGGRESSIVE;
				GCC_WARN_UNUSED_FUNCTION = YES;
				GCC_WARN_UNUSED_VARIABLE = YES;
				IPHONEOS_DEPLOYMENT_TARGET = 13.2;
				MTL_ENABLE_DEBUG_INFO = NO;
				MTL_FAST_MATH = YES;
				SDKROOT = iphoneos;
				SWIFT_COMPILATION_MODE = wholemodule;
				SWIFT_OPTIMIZATION_LEVEL = "-O";
				VALIDATE_PRODUCT = YES;
			};
			name = Release;
		};
		6FF76CA523E61258009E1EE3 /* Debug */ = {
			isa = XCBuildConfiguration;
			buildSettings = {
				ASSETCATALOG_COMPILER_APPICON_NAME = AppIcon;
				CODE_SIGN_STYLE = Automatic;
				DEVELOPMENT_ASSET_PATHS = "\"UnSplashApp/Preview Content\"";
				DEVELOPMENT_TEAM = SGAHDZJZ9E;
				ENABLE_PREVIEWS = YES;
				INFOPLIST_FILE = UnSplashApp/Info.plist;
				LD_RUNPATH_SEARCH_PATHS = (
					"$(inherited)",
					"@executable_path/Frameworks",
				);
				PRODUCT_BUNDLE_IDENTIFIER = design.roemer.UnSplashApp;
				PRODUCT_NAME = "$(TARGET_NAME)";
				SWIFT_VERSION = 5.0;
				TARGETED_DEVICE_FAMILY = "1,2";
			};
			name = Debug;
		};
		6FF76CA623E61258009E1EE3 /* Release */ = {
			isa = XCBuildConfiguration;
			buildSettings = {
				ASSETCATALOG_COMPILER_APPICON_NAME = AppIcon;
				CODE_SIGN_STYLE = Automatic;
				DEVELOPMENT_ASSET_PATHS = "\"UnSplashApp/Preview Content\"";
				DEVELOPMENT_TEAM = SGAHDZJZ9E;
				ENABLE_PREVIEWS = YES;
				INFOPLIST_FILE = UnSplashApp/Info.plist;
				LD_RUNPATH_SEARCH_PATHS = (
					"$(inherited)",
					"@executable_path/Frameworks",
				);
				PRODUCT_BUNDLE_IDENTIFIER = design.roemer.UnSplashApp;
				PRODUCT_NAME = "$(TARGET_NAME)";
				SWIFT_VERSION = 5.0;
				TARGETED_DEVICE_FAMILY = "1,2";
			};
			name = Release;
		};
/* End XCBuildConfiguration section */

/* Begin XCConfigurationList section */
		6FF76C8B23E61256009E1EE3 /* Build configuration list for PBXProject "UnSplashApp" */ = {
			isa = XCConfigurationList;
			buildConfigurations = (
				6FF76CA223E61258009E1EE3 /* Debug */,
				6FF76CA323E61258009E1EE3 /* Release */,
			);
			defaultConfigurationIsVisible = 0;
			defaultConfigurationName = Release;
		};
		6FF76CA423E61258009E1EE3 /* Build configuration list for PBXNativeTarget "UnSplashApp" */ = {
			isa = XCConfigurationList;
			buildConfigurations = (
				6FF76CA523E61258009E1EE3 /* Debug */,
				6FF76CA623E61258009E1EE3 /* Release */,
			);
			defaultConfigurationIsVisible = 0;
			defaultConfigurationName = Release;
		};
/* End XCConfigurationList section */
	};
	rootObject = 6FF76C8823E61256009E1EE3 /* Project object */;
}
